
Microsoft Visual Studio Solution File, Format Version 12.00
# Visual Studio Version 17
VisualStudioVersion = 17.1.32319.34
MinimumVisualStudioVersion = 10.0.40219.1
Project("{9A19103F-16F7-4668-BE54-9A1E7A4F7556}") = "BlazorEcomm.Server", "BlazorEcomm\Server\BlazorEcomm.Server.csproj", "{88BC5C00-D07D-4410-88EB-7F34C23A0A8D}"
EndProject
Project("{9A19103F-16F7-4668-BE54-9A1E7A4F7556}") = "BlazorEcomm.Client", "BlazorEcomm\Client\BlazorEcomm.Client.csproj", "{13DB4C03-9FAD-451B-92BF-9BCF0547DC6E}"
EndProject
Project("{9A19103F-16F7-4668-BE54-9A1E7A4F7556}") = "BlazorEcomm.Shared", "BlazorEcomm\Shared\BlazorEcomm.Shared.csproj", "{FEE7B3C5-1048-4F7B-A9EF-F310743C3250}"
EndProject
Global
	GlobalSection(SolutionConfigurationPlatforms) = preSolution
		Debug|Any CPU = Debug|Any CPU
		Release|Any CPU = Release|Any CPU
	EndGlobalSection
	GlobalSection(ProjectConfigurationPlatforms) = postSolution
		{88BC5C00-D07D-4410-88EB-7F34C23A0A8D}.Debug|Any CPU.ActiveCfg = Debug|Any CPU
		{88BC5C00-D07D-4410-88EB-7F34C23A0A8D}.Debug|Any CPU.Build.0 = Debug|Any CPU
		{88BC5C00-D07D-4410-88EB-7F34C23A0A8D}.Release|Any CPU.ActiveCfg = Release|Any CPU
		{88BC5C00-D07D-4410-88EB-7F34C23A0A8D}.Release|Any CPU.Build.0 = Release|Any CPU
		{13DB4C03-9FAD-451B-92BF-9BCF0547DC6E}.Debug|Any CPU.ActiveCfg = Debug|Any CPU
		{13DB4C03-9FAD-451B-92BF-9BCF0547DC6E}.Debug|Any CPU.Build.0 = Debug|Any CPU
		{13DB4C03-9FAD-451B-92BF-9BCF0547DC6E}.Release|Any CPU.ActiveCfg = Release|Any CPU
		{13DB4C03-9FAD-451B-92BF-9BCF0547DC6E}.Release|Any CPU.Build.0 = Release|Any CPU
		{FEE7B3C5-1048-4F7B-A9EF-F310743C3250}.Debug|Any CPU.ActiveCfg = Debug|Any CPU
		{FEE7B3C5-1048-4F7B-A9EF-F310743C3250}.Debug|Any CPU.Build.0 = Debug|Any CPU
		{FEE7B3C5-1048-4F7B-A9EF-F310743C3250}.Release|Any CPU.ActiveCfg = Release|Any CPU
		{FEE7B3C5-1048-4F7B-A9EF-F310743C3250}.Release|Any CPU.Build.0 = Release|Any CPU
	EndGlobalSection
	GlobalSection(SolutionProperties) = preSolution
		HideSolutionNode = FALSE
	EndGlobalSection
	GlobalSection(ExtensibilityGlobals) = postSolution
		SolutionGuid = {F4096A68-274A-4C69-A7E8-F65679F0EE6D}
	EndGlobalSection
EndGlobal
